
Microsoft Visual Studio Solution File, Format Version 12.00
# Visual Studio Version 17
VisualStudioVersion = 17.6.33723.286
MinimumVisualStudioVersion = 10.0.40219.1
Project("{FAE04EC0-301F-11D3-BF4B-00C04F79EFBC}") = "Ali.Games.Mafia", "Ali.Games.Mafia\Ali.Games.Mafia.csproj", "{B268D5CA-1E68-4732-89DC-6FA2DF19D1EE}"
EndProject
Global
	GlobalSection(SolutionConfigurationPlatforms) = preSolution
		Debug|Any CPU = Debug|Any CPU
		Release|Any CPU = Release|Any CPU
	EndGlobalSection
	GlobalSection(ProjectConfigurationPlatforms) = postSolution
		{B268D5CA-1E68-4732-89DC-6FA2DF19D1EE}.Debug|Any CPU.ActiveCfg = Debug|Any CPU
		{B268D5CA-1E68-4732-89DC-6FA2DF19D1EE}.Debug|Any CPU.Build.0 = Debug|Any CPU
		{B268D5CA-1E68-4732-89DC-6FA2DF19D1EE}.Release|Any CPU.ActiveCfg = Release|Any CPU
		{B268D5CA-1E68-4732-89DC-6FA2DF19D1EE}.Release|Any CPU.Build.0 = Release|Any CPU
	EndGlobalSection
	GlobalSection(SolutionProperties) = preSolution
		HideSolutionNode = FALSE
	EndGlobalSection
	GlobalSection(ExtensibilityGlobals) = postSolution
		SolutionGuid = {08C92AA5-0B60-4707-81BC-E6E86008395B}
	EndGlobalSection
EndGlobal
